// !$*UTF8*$!
{
	archiveVersion = 1;
	classes = {
	};
	objectVersion = 54;
	objects = {

/* Begin PBXBuildFile section */
		E8138F4C2BA4087B004AB174 /* MainView.swift in Sources */ = {isa = PBXBuildFile; fileRef = E8138F4B2BA4087B004AB174 /* MainView.swift */; };
		E8138F4F2BA40950004AB174 /* DiskItems.swift in Sources */ = {isa = PBXBuildFile; fileRef = E8138F4E2BA40950004AB174 /* DiskItems.swift */; };
		E8260EA42BAF28D100F10D0F /* notification.swift in Sources */ = {isa = PBXBuildFile; fileRef = E8260EA32BAF28D100F10D0F /* notification.swift */; };
		E8710C012BA4A6C600A72067 /* DiskDetail.swift in Sources */ = {isa = PBXBuildFile; fileRef = E8710C002BA4A6C600A72067 /* DiskDetail.swift */; };
		E8E753F82BA59E8D00681675 /* disk.plist in Resources */ = {isa = PBXBuildFile; fileRef = E8E753F72BA59E8D00681675 /* disk.plist */; };
		E8E753FA2BA5A14400681675 /* GetDisk.swift in Sources */ = {isa = PBXBuildFile; fileRef = E8E753F92BA5A14400681675 /* GetDisk.swift */; };
		E8E753FD2BA5B6D800681675 /* disk_info.plist in Resources */ = {isa = PBXBuildFile; fileRef = E8E753FC2BA5B6D800681675 /* disk_info.plist */; };
		E8E753FF2BA5B84500681675 /* DiskLists.swift in Sources */ = {isa = PBXBuildFile; fileRef = E8E753FE2BA5B84500681675 /* DiskLists.swift */; };
		E8E754022BA5C06600681675 /* disk_info3.plist in Resources */ = {isa = PBXBuildFile; fileRef = E8E754002BA5C06600681675 /* disk_info3.plist */; };
		E8E754032BA5C06600681675 /* disk_info2.plist in Resources */ = {isa = PBXBuildFile; fileRef = E8E754012BA5C06600681675 /* disk_info2.plist */; };
		E8FED4C12B9DE7AD00B40620 /* BetterDiskUtilApp.swift in Sources */ = {isa = PBXBuildFile; fileRef = E8FED4C02B9DE7AD00B40620 /* BetterDiskUtilApp.swift */; };
		E8FED4C52B9DE7AE00B40620 /* Assets.xcassets in Resources */ = {isa = PBXBuildFile; fileRef = E8FED4C42B9DE7AE00B40620 /* Assets.xcassets */; };
		E8FED4C92B9DE7AE00B40620 /* Preview Assets.xcassets in Resources */ = {isa = PBXBuildFile; fileRef = E8FED4C82B9DE7AE00B40620 /* Preview Assets.xcassets */; };
		E8FED4D32B9DE7AE00B40620 /* BetterDiskUtilTests.swift in Sources */ = {isa = PBXBuildFile; fileRef = E8FED4D22B9DE7AE00B40620 /* BetterDiskUtilTests.swift */; };
		E8FED4DD2B9DE7AE00B40620 /* BetterDiskUtilUITests.swift in Sources */ = {isa = PBXBuildFile; fileRef = E8FED4DC2B9DE7AE00B40620 /* BetterDiskUtilUITests.swift */; };
		E8FED4DF2B9DE7AE00B40620 /* BetterDiskUtilUITestsLaunchTests.swift in Sources */ = {isa = PBXBuildFile; fileRef = E8FED4DE2B9DE7AE00B40620 /* BetterDiskUtilUITestsLaunchTests.swift */; };
/* End PBXBuildFile section */

/* Begin PBXContainerItemProxy section */
		E8FED4CF2B9DE7AE00B40620 /* PBXContainerItemProxy */ = {
			isa = PBXContainerItemProxy;
			containerPortal = E8FED4B52B9DE7AD00B40620 /* Project object */;
			proxyType = 1;
			remoteGlobalIDString = E8FED4BC2B9DE7AD00B40620;
			remoteInfo = BetterDiskUtil;
		};
		E8FED4D92B9DE7AE00B40620 /* PBXContainerItemProxy */ = {
			isa = PBXContainerItemProxy;
			containerPortal = E8FED4B52B9DE7AD00B40620 /* Project object */;
			proxyType = 1;
			remoteGlobalIDString = E8FED4BC2B9DE7AD00B40620;
			remoteInfo = BetterDiskUtil;
		};
/* End PBXContainerItemProxy section */

/* Begin PBXFileReference section */
		E8138F4B2BA4087B004AB174 /* MainView.swift */ = {isa = PBXFileReference; lastKnownFileType = sourcecode.swift; path = MainView.swift; sourceTree = "<group>"; };
		E8138F4E2BA40950004AB174 /* DiskItems.swift */ = {isa = PBXFileReference; lastKnownFileType = sourcecode.swift; path = DiskItems.swift; sourceTree = "<group>"; };
		E8260EA32BAF28D100F10D0F /* notification.swift */ = {isa = PBXFileReference; lastKnownFileType = sourcecode.swift; path = notification.swift; sourceTree = "<group>"; };
		E8710C002BA4A6C600A72067 /* DiskDetail.swift */ = {isa = PBXFileReference; lastKnownFileType = sourcecode.swift; path = DiskDetail.swift; sourceTree = "<group>"; };
		E8E753F72BA59E8D00681675 /* disk.plist */ = {isa = PBXFileReference; fileEncoding = 4; lastKnownFileType = text.plist.xml; path = disk.plist; sourceTree = "<group>"; };
		E8E753F92BA5A14400681675 /* GetDisk.swift */ = {isa = PBXFileReference; lastKnownFileType = sourcecode.swift; path = GetDisk.swift; sourceTree = "<group>"; };
		E8E753FC2BA5B6D800681675 /* disk_info.plist */ = {isa = PBXFileReference; lastKnownFileType = text.plist.xml; path = disk_info.plist; sourceTree = "<group>"; };
		E8E753FE2BA5B84500681675 /* DiskLists.swift */ = {isa = PBXFileReference; lastKnownFileType = sourcecode.swift; path = DiskLists.swift; sourceTree = "<group>"; };
		E8E754002BA5C06600681675 /* disk_info3.plist */ = {isa = PBXFileReference; fileEncoding = 4; lastKnownFileType = text.plist.xml; path = disk_info3.plist; sourceTree = "<group>"; };
		E8E754012BA5C06600681675 /* disk_info2.plist */ = {isa = PBXFileReference; fileEncoding = 4; lastKnownFileType = text.plist.xml; path = disk_info2.plist; sourceTree = "<group>"; };
		E8FED4BD2B9DE7AD00B40620 /* BetterDiskUtil.app */ = {isa = PBXFileReference; explicitFileType = wrapper.application; includeInIndex = 0; path = BetterDiskUtil.app; sourceTree = BUILT_PRODUCTS_DIR; };
		E8FED4C02B9DE7AD00B40620 /* BetterDiskUtilApp.swift */ = {isa = PBXFileReference; lastKnownFileType = sourcecode.swift; path = BetterDiskUtilApp.swift; sourceTree = "<group>"; };
		E8FED4C42B9DE7AE00B40620 /* Assets.xcassets */ = {isa = PBXFileReference; lastKnownFileType = folder.assetcatalog; path = Assets.xcassets; sourceTree = "<group>"; };
		E8FED4C62B9DE7AE00B40620 /* BetterDiskUtil.entitlements */ = {isa = PBXFileReference; lastKnownFileType = text.plist.entitlements; path = BetterDiskUtil.entitlements; sourceTree = "<group>"; };
		E8FED4C82B9DE7AE00B40620 /* Preview Assets.xcassets */ = {isa = PBXFileReference; lastKnownFileType = folder.assetcatalog; path = "Preview Assets.xcassets"; sourceTree = "<group>"; };
		E8FED4CE2B9DE7AE00B40620 /* BetterDiskUtilTests.xctest */ = {isa = PBXFileReference; explicitFileType = wrapper.cfbundle; includeInIndex = 0; path = BetterDiskUtilTests.xctest; sourceTree = BUILT_PRODUCTS_DIR; };
		E8FED4D22B9DE7AE00B40620 /* BetterDiskUtilTests.swift */ = {isa = PBXFileReference; lastKnownFileType = sourcecode.swift; path = BetterDiskUtilTests.swift; sourceTree = "<group>"; };
		E8FED4D82B9DE7AE00B40620 /* BetterDiskUtilUITests.xctest */ = {isa = PBXFileReference; explicitFileType = wrapper.cfbundle; includeInIndex = 0; path = BetterDiskUtilUITests.xctest; sourceTree = BUILT_PRODUCTS_DIR; };
		E8FED4DC2B9DE7AE00B40620 /* BetterDiskUtilUITests.swift */ = {isa = PBXFileReference; lastKnownFileType = sourcecode.swift; path = BetterDiskUtilUITests.swift; sourceTree = "<group>"; };
		E8FED4DE2B9DE7AE00B40620 /* BetterDiskUtilUITestsLaunchTests.swift */ = {isa = PBXFileReference; lastKnownFileType = sourcecode.swift; path = BetterDiskUtilUITestsLaunchTests.swift; sourceTree = "<group>"; };
/* End PBXFileReference section */

/* Begin PBXFrameworksBuildPhase section */
		E8FED4BA2B9DE7AD00B40620 /* Frameworks */ = {
			isa = PBXFrameworksBuildPhase;
			buildActionMask = 2147483647;
			files = (
			);
			runOnlyForDeploymentPostprocessing = 0;
		};
		E8FED4CB2B9DE7AE00B40620 /* Frameworks */ = {
			isa = PBXFrameworksBuildPhase;
			buildActionMask = 2147483647;
			files = (
			);
			runOnlyForDeploymentPostprocessing = 0;
		};
		E8FED4D52B9DE7AE00B40620 /* Frameworks */ = {
			isa = PBXFrameworksBuildPhase;
			buildActionMask = 2147483647;
			files = (
			);
			runOnlyForDeploymentPostprocessing = 0;
		};
/* End PBXFrameworksBuildPhase section */

/* Begin PBXGroup section */
		E8138F4D2BA4091C004AB174 /* DiskItemsUI */ = {
			isa = PBXGroup;
			children = (
				E8E753F92BA5A14400681675 /* GetDisk.swift */,
				E8E753FE2BA5B84500681675 /* DiskLists.swift */,
				E8E753FB2BA5B6A500681675 /* test_plist */,
				E8138F4E2BA40950004AB174 /* DiskItems.swift */,
				E8710C002BA4A6C600A72067 /* DiskDetail.swift */,
			);
			path = DiskItemsUI;
			sourceTree = "<group>";
		};
		E8E753FB2BA5B6A500681675 /* test_plist */ = {
			isa = PBXGroup;
			children = (
				E8E754012BA5C06600681675 /* disk_info2.plist */,
				E8E754002BA5C06600681675 /* disk_info3.plist */,
				E8E753F72BA59E8D00681675 /* disk.plist */,
				E8E753FC2BA5B6D800681675 /* disk_info.plist */,
			);
			path = test_plist;
			sourceTree = "<group>";
		};
		E8FED4B42B9DE7AD00B40620 = {
			isa = PBXGroup;
			children = (
				E8FED4BF2B9DE7AD00B40620 /* BetterDiskUtil */,
				E8FED4D12B9DE7AE00B40620 /* BetterDiskUtilTests */,
				E8FED4DB2B9DE7AE00B40620 /* BetterDiskUtilUITests */,
				E8FED4BE2B9DE7AD00B40620 /* Products */,
			);
			sourceTree = "<group>";
		};
		E8FED4BE2B9DE7AD00B40620 /* Products */ = {
			isa = PBXGroup;
			children = (
				E8FED4BD2B9DE7AD00B40620 /* BetterDiskUtil.app */,
				E8FED4CE2B9DE7AE00B40620 /* BetterDiskUtilTests.xctest */,
				E8FED4D82B9DE7AE00B40620 /* BetterDiskUtilUITests.xctest */,
			);
			name = Products;
			sourceTree = "<group>";
		};
		E8FED4BF2B9DE7AD00B40620 /* BetterDiskUtil */ = {
			isa = PBXGroup;
			children = (
				E8138F4D2BA4091C004AB174 /* DiskItemsUI */,
				E8FED4C02B9DE7AD00B40620 /* BetterDiskUtilApp.swift */,
				E8FED4C42B9DE7AE00B40620 /* Assets.xcassets */,
				E8FED4C62B9DE7AE00B40620 /* BetterDiskUtil.entitlements */,
				E8FED4C72B9DE7AE00B40620 /* Preview Content */,
				E8138F4B2BA4087B004AB174 /* MainView.swift */,
				E8260EA32BAF28D100F10D0F /* notification.swift */,
			);
			path = BetterDiskUtil;
			sourceTree = "<group>";
		};
		E8FED4C72B9DE7AE00B40620 /* Preview Content */ = {
			isa = PBXGroup;
			children = (
				E8FED4C82B9DE7AE00B40620 /* Preview Assets.xcassets */,
			);
			path = "Preview Content";
			sourceTree = "<group>";
		};
		E8FED4D12B9DE7AE00B40620 /* BetterDiskUtilTests */ = {
			isa = PBXGroup;
			children = (
				E8FED4D22B9DE7AE00B40620 /* BetterDiskUtilTests.swift */,
			);
			path = BetterDiskUtilTests;
			sourceTree = "<group>";
		};
		E8FED4DB2B9DE7AE00B40620 /* BetterDiskUtilUITests */ = {
			isa = PBXGroup;
			children = (
				E8FED4DC2B9DE7AE00B40620 /* BetterDiskUtilUITests.swift */,
				E8FED4DE2B9DE7AE00B40620 /* BetterDiskUtilUITestsLaunchTests.swift */,
			);
			path = BetterDiskUtilUITests;
			sourceTree = "<group>";
		};
/* End PBXGroup section */

/* Begin PBXNativeTarget section */
		E8FED4BC2B9DE7AD00B40620 /* BetterDiskUtil */ = {
			isa = PBXNativeTarget;
			buildConfigurationList = E8FED4E22B9DE7AE00B40620 /* Build configuration list for PBXNativeTarget "BetterDiskUtil" */;
			buildPhases = (
				E8FED4B92B9DE7AD00B40620 /* Sources */,
				E8FED4BA2B9DE7AD00B40620 /* Frameworks */,
				E8FED4BB2B9DE7AD00B40620 /* Resources */,
			);
			buildRules = (
			);
			dependencies = (
			);
			name = BetterDiskUtil;
			productName = BetterDiskUtil;
			productReference = E8FED4BD2B9DE7AD00B40620 /* BetterDiskUtil.app */;
			productType = "com.apple.product-type.application";
		};
		E8FED4CD2B9DE7AE00B40620 /* BetterDiskUtilTests */ = {
			isa = PBXNativeTarget;
			buildConfigurationList = E8FED4E52B9DE7AE00B40620 /* Build configuration list for PBXNativeTarget "BetterDiskUtilTests" */;
			buildPhases = (
				E8FED4CA2B9DE7AE00B40620 /* Sources */,
				E8FED4CB2B9DE7AE00B40620 /* Frameworks */,
				E8FED4CC2B9DE7AE00B40620 /* Resources */,
			);
			buildRules = (
			);
			dependencies = (
				E8FED4D02B9DE7AE00B40620 /* PBXTargetDependency */,
			);
			name = BetterDiskUtilTests;
			productName = BetterDiskUtilTests;
			productReference = E8FED4CE2B9DE7AE00B40620 /* BetterDiskUtilTests.xctest */;
			productType = "com.apple.product-type.bundle.unit-test";
		};
		E8FED4D72B9DE7AE00B40620 /* BetterDiskUtilUITests */ = {
			isa = PBXNativeTarget;
			buildConfigurationList = E8FED4E82B9DE7AE00B40620 /* Build configuration list for PBXNativeTarget "BetterDiskUtilUITests" */;
			buildPhases = (
				E8FED4D42B9DE7AE00B40620 /* Sources */,
				E8FED4D52B9DE7AE00B40620 /* Frameworks */,
				E8FED4D62B9DE7AE00B40620 /* Resources */,
			);
			buildRules = (
			);
			dependencies = (
				E8FED4DA2B9DE7AE00B40620 /* PBXTargetDependency */,
			);
			name = BetterDiskUtilUITests;
			productName = BetterDiskUtilUITests;
			productReference = E8FED4D82B9DE7AE00B40620 /* BetterDiskUtilUITests.xctest */;
			productType = "com.apple.product-type.bundle.ui-testing";
		};
/* End PBXNativeTarget section */

/* Begin PBXProject section */
		E8FED4B52B9DE7AD00B40620 /* Project object */ = {
			isa = PBXProject;
			attributes = {
				BuildIndependentTargetsInParallel = 1;
				LastSwiftUpdateCheck = 1510;
				LastUpgradeCheck = 1510;
				TargetAttributes = {
					E8FED4BC2B9DE7AD00B40620 = {
						CreatedOnToolsVersion = 15.1;
					};
					E8FED4CD2B9DE7AE00B40620 = {
						CreatedOnToolsVersion = 15.1;
						TestTargetID = E8FED4BC2B9DE7AD00B40620;
					};
					E8FED4D72B9DE7AE00B40620 = {
						CreatedOnToolsVersion = 15.1;
						TestTargetID = E8FED4BC2B9DE7AD00B40620;
					};
				};
			};
			buildConfigurationList = E8FED4B82B9DE7AD00B40620 /* Build configuration list for PBXProject "BetterDiskUtil" */;
			compatibilityVersion = "Xcode 12.0";
			developmentRegion = en;
			hasScannedForEncodings = 0;
			knownRegions = (
				en,
				Base,
			);
			mainGroup = E8FED4B42B9DE7AD00B40620;
			productRefGroup = E8FED4BE2B9DE7AD00B40620 /* Products */;
			projectDirPath = "";
			projectRoot = "";
			targets = (
				E8FED4BC2B9DE7AD00B40620 /* BetterDiskUtil */,
				E8FED4CD2B9DE7AE00B40620 /* BetterDiskUtilTests */,
				E8FED4D72B9DE7AE00B40620 /* BetterDiskUtilUITests */,
			);
		};
/* End PBXProject section */

/* Begin PBXResourcesBuildPhase section */
		E8FED4BB2B9DE7AD00B40620 /* Resources */ = {
			isa = PBXResourcesBuildPhase;
			buildActionMask = 2147483647;
			files = (
				E8FED4C92B9DE7AE00B40620 /* Preview Assets.xcassets in Resources */,
				E8E753F82BA59E8D00681675 /* disk.plist in Resources */,
				E8FED4C52B9DE7AE00B40620 /* Assets.xcassets in Resources */,
				E8E753FD2BA5B6D800681675 /* disk_info.plist in Resources */,
				E8E754032BA5C06600681675 /* disk_info2.plist in Resources */,
				E8E754022BA5C06600681675 /* disk_info3.plist in Resources */,
			);
			runOnlyForDeploymentPostprocessing = 0;
		};
		E8FED4CC2B9DE7AE00B40620 /* Resources */ = {
			isa = PBXResourcesBuildPhase;
			buildActionMask = 2147483647;
			files = (
			);
			runOnlyForDeploymentPostprocessing = 0;
		};
		E8FED4D62B9DE7AE00B40620 /* Resources */ = {
			isa = PBXResourcesBuildPhase;
			buildActionMask = 2147483647;
			files = (
			);
			runOnlyForDeploymentPostprocessing = 0;
		};
/* End PBXResourcesBuildPhase section */

/* Begin PBXSourcesBuildPhase section */
		E8FED4B92B9DE7AD00B40620 /* Sources */ = {
			isa = PBXSourcesBuildPhase;
			buildActionMask = 2147483647;
			files = (
				E8FED4C12B9DE7AD00B40620 /* BetterDiskUtilApp.swift in Sources */,
				E8E753FA2BA5A14400681675 /* GetDisk.swift in Sources */,
				E8E753FF2BA5B84500681675 /* DiskLists.swift in Sources */,
				E8710C012BA4A6C600A72067 /* DiskDetail.swift in Sources */,
				E8138F4C2BA4087B004AB174 /* MainView.swift in Sources */,
				E8260EA42BAF28D100F10D0F /* notification.swift in Sources */,
				E8138F4F2BA40950004AB174 /* DiskItems.swift in Sources */,
			);
			runOnlyForDeploymentPostprocessing = 0;
		};
		E8FED4CA2B9DE7AE00B40620 /* Sources */ = {
			isa = PBXSourcesBuildPhase;
			buildActionMask = 2147483647;
			files = (
				E8FED4D32B9DE7AE00B40620 /* BetterDiskUtilTests.swift in Sources */,
			);
			runOnlyForDeploymentPostprocessing = 0;
		};
		E8FED4D42B9DE7AE00B40620 /* Sources */ = {
			isa = PBXSourcesBuildPhase;
			buildActionMask = 2147483647;
			files = (
				E8FED4DD2B9DE7AE00B40620 /* BetterDiskUtilUITests.swift in Sources */,
				E8FED4DF2B9DE7AE00B40620 /* BetterDiskUtilUITestsLaunchTests.swift in Sources */,
			);
			runOnlyForDeploymentPostprocessing = 0;
		};
/* End PBXSourcesBuildPhase section */

/* Begin PBXTargetDependency section */
		E8FED4D02B9DE7AE00B40620 /* PBXTargetDependency */ = {
			isa = PBXTargetDependency;
			target = E8FED4BC2B9DE7AD00B40620 /* BetterDiskUtil */;
			targetProxy = E8FED4CF2B9DE7AE00B40620 /* PBXContainerItemProxy */;
		};
		E8FED4DA2B9DE7AE00B40620 /* PBXTargetDependency */ = {
			isa = PBXTargetDependency;
			target = E8FED4BC2B9DE7AD00B40620 /* BetterDiskUtil */;
			targetProxy = E8FED4D92B9DE7AE00B40620 /* PBXContainerItemProxy */;
		};
/* End PBXTargetDependency section */

/* Begin XCBuildConfiguration section */
		E8FED4E02B9DE7AE00B40620 /* Debug */ = {
			isa = XCBuildConfiguration;
			buildSettings = {
				ALWAYS_SEARCH_USER_PATHS = NO;
				ASSETCATALOG_COMPILER_GENERATE_SWIFT_ASSET_SYMBOL_EXTENSIONS = YES;
				CLANG_ANALYZER_NONNULL = YES;
				CLANG_ANALYZER_NUMBER_OBJECT_CONVERSION = YES_AGGRESSIVE;
				CLANG_CXX_LANGUAGE_STANDARD = "gnu++20";
				CLANG_ENABLE_MODULES = YES;
				CLANG_ENABLE_OBJC_ARC = YES;
				CLANG_ENABLE_OBJC_WEAK = YES;
				CLANG_WARN_BLOCK_CAPTURE_AUTORELEASING = YES;
				CLANG_WARN_BOOL_CONVERSION = YES;
				CLANG_WARN_COMMA = YES;
				CLANG_WARN_CONSTANT_CONVERSION = YES;
				CLANG_WARN_DEPRECATED_OBJC_IMPLEMENTATIONS = YES;
				CLANG_WARN_DIRECT_OBJC_ISA_USAGE = YES_ERROR;
				CLANG_WARN_DOCUMENTATION_COMMENTS = YES;
				CLANG_WARN_EMPTY_BODY = YES;
				CLANG_WARN_ENUM_CONVERSION = YES;
				CLANG_WARN_INFINITE_RECURSION = YES;
				CLANG_WARN_INT_CONVERSION = YES;
				CLANG_WARN_NON_LITERAL_NULL_CONVERSION = YES;
				CLANG_WARN_OBJC_IMPLICIT_RETAIN_SELF = YES;
				CLANG_WARN_OBJC_LITERAL_CONVERSION = YES;
				CLANG_WARN_OBJC_ROOT_CLASS = YES_ERROR;
				CLANG_WARN_QUOTED_INCLUDE_IN_FRAMEWORK_HEADER = YES;
				CLANG_WARN_RANGE_LOOP_ANALYSIS = YES;
				CLANG_WARN_STRICT_PROTOTYPES = YES;
				CLANG_WARN_SUSPICIOUS_MOVE = YES;
				CLANG_WARN_UNGUARDED_AVAILABILITY = YES_AGGRESSIVE;
				CLANG_WARN_UNREACHABLE_CODE = YES;
				CLANG_WARN__DUPLICATE_METHOD_MATCH = YES;
				COPY_PHASE_STRIP = NO;
				DEBUG_INFORMATION_FORMAT = dwarf;
				ENABLE_STRICT_OBJC_MSGSEND = YES;
				ENABLE_TESTABILITY = YES;
				ENABLE_USER_SCRIPT_SANDBOXING = YES;
				GCC_C_LANGUAGE_STANDARD = gnu17;
				GCC_DYNAMIC_NO_PIC = NO;
				GCC_NO_COMMON_BLOCKS = YES;
				GCC_OPTIMIZATION_LEVEL = 0;
				GCC_PREPROCESSOR_DEFINITIONS = (
					"DEBUG=1",
					"$(inherited)",
				);
				GCC_WARN_64_TO_32_BIT_CONVERSION = YES;
				GCC_WARN_ABOUT_RETURN_TYPE = YES_ERROR;
				GCC_WARN_UNDECLARED_SELECTOR = YES;
				GCC_WARN_UNINITIALIZED_AUTOS = YES_AGGRESSIVE;
				GCC_WARN_UNUSED_FUNCTION = YES;
				GCC_WARN_UNUSED_VARIABLE = YES;
				LOCALIZATION_PREFERS_STRING_CATALOGS = YES;
				MTL_ENABLE_DEBUG_INFO = INCLUDE_SOURCE;
				MTL_FAST_MATH = YES;
				ONLY_ACTIVE_ARCH = YES;
				SWIFT_ACTIVE_COMPILATION_CONDITIONS = "DEBUG $(inherited)";
				SWIFT_OPTIMIZATION_LEVEL = "-Onone";
			};
			name = Debug;
		};
		E8FED4E12B9DE7AE00B40620 /* Release */ = {
			isa = XCBuildConfiguration;
			buildSettings = {
				ALWAYS_SEARCH_USER_PATHS = NO;
				ASSETCATALOG_COMPILER_GENERATE_SWIFT_ASSET_SYMBOL_EXTENSIONS = YES;
				CLANG_ANALYZER_NONNULL = YES;
				CLANG_ANALYZER_NUMBER_OBJECT_CONVERSION = YES_AGGRESSIVE;
				CLANG_CXX_LANGUAGE_STANDARD = "gnu++20";
				CLANG_ENABLE_MODULES = YES;
				CLANG_ENABLE_OBJC_ARC = YES;
				CLANG_ENABLE_OBJC_WEAK = YES;
				CLANG_WARN_BLOCK_CAPTURE_AUTORELEASING = YES;
				CLANG_WARN_BOOL_CONVERSION = YES;
				CLANG_WARN_COMMA = YES;
				CLANG_WARN_CONSTANT_CONVERSION = YES;
				CLANG_WARN_DEPRECATED_OBJC_IMPLEMENTATIONS = YES;
				CLANG_WARN_DIRECT_OBJC_ISA_USAGE = YES_ERROR;
				CLANG_WARN_DOCUMENTATION_COMMENTS = YES;
				CLANG_WARN_EMPTY_BODY = YES;
				CLANG_WARN_ENUM_CONVERSION = YES;
				CLANG_WARN_INFINITE_RECURSION = YES;
				CLANG_WARN_INT_CONVERSION = YES;
				CLANG_WARN_NON_LITERAL_NULL_CONVERSION = YES;
				CLANG_WARN_OBJC_IMPLICIT_RETAIN_SELF = YES;
				CLANG_WARN_OBJC_LITERAL_CONVERSION = YES;
				CLANG_WARN_OBJC_ROOT_CLASS = YES_ERROR;
				CLANG_WARN_QUOTED_INCLUDE_IN_FRAMEWORK_HEADER = YES;
				CLANG_WARN_RANGE_LOOP_ANALYSIS = YES;
				CLANG_WARN_STRICT_PROTOTYPES = YES;
				CLANG_WARN_SUSPICIOUS_MOVE = YES;
				CLANG_WARN_UNGUARDED_AVAILABILITY = YES_AGGRESSIVE;
				CLANG_WARN_UNREACHABLE_CODE = YES;
				CLANG_WARN__DUPLICATE_METHOD_MATCH = YES;
				COPY_PHASE_STRIP = NO;
				DEBUG_INFORMATION_FORMAT = "dwarf-with-dsym";
				ENABLE_NS_ASSERTIONS = NO;
				ENABLE_STRICT_OBJC_MSGSEND = YES;
				ENABLE_USER_SCRIPT_SANDBOXING = YES;
				GCC_C_LANGUAGE_STANDARD = gnu17;
				GCC_NO_COMMON_BLOCKS = YES;
				GCC_WARN_64_TO_32_BIT_CONVERSION = YES;
				GCC_WARN_ABOUT_RETURN_TYPE = YES_ERROR;
				GCC_WARN_UNDECLARED_SELECTOR = YES;
				GCC_WARN_UNINITIALIZED_AUTOS = YES_AGGRESSIVE;
				GCC_WARN_UNUSED_FUNCTION = YES;
				GCC_WARN_UNUSED_VARIABLE = YES;
				LOCALIZATION_PREFERS_STRING_CATALOGS = YES;
				MTL_ENABLE_DEBUG_INFO = NO;
				MTL_FAST_MATH = YES;
				SWIFT_COMPILATION_MODE = wholemodule;
			};
			name = Release;
		};
		E8FED4E32B9DE7AE00B40620 /* Debug */ = {
			isa = XCBuildConfiguration;
			buildSettings = {
				ASSETCATALOG_COMPILER_APPICON_NAME = AppIcon;
				ASSETCATALOG_COMPILER_GLOBAL_ACCENT_COLOR_NAME = AccentColor;
				CODE_SIGN_ENTITLEMENTS = BetterDiskUtil/BetterDiskUtil.entitlements;
				CODE_SIGN_STYLE = Automatic;
				CURRENT_PROJECT_VERSION = 1;
				DEVELOPMENT_ASSET_PATHS = "\"BetterDiskUtil/Preview Content\"";
				DEVELOPMENT_TEAM = 45XU8AX2TS;
				ENABLE_HARDENED_RUNTIME = YES;
				ENABLE_PREVIEWS = YES;
				GENERATE_INFOPLIST_FILE = YES;
				"INFOPLIST_KEY_UIApplicationSceneManifest_Generation[sdk=iphoneos*]" = YES;
				"INFOPLIST_KEY_UIApplicationSceneManifest_Generation[sdk=iphonesimulator*]" = YES;
				"INFOPLIST_KEY_UIApplicationSupportsIndirectInputEvents[sdk=iphoneos*]" = YES;
				"INFOPLIST_KEY_UIApplicationSupportsIndirectInputEvents[sdk=iphonesimulator*]" = YES;
				"INFOPLIST_KEY_UILaunchScreen_Generation[sdk=iphoneos*]" = YES;
				"INFOPLIST_KEY_UILaunchScreen_Generation[sdk=iphonesimulator*]" = YES;
				"INFOPLIST_KEY_UIStatusBarStyle[sdk=iphoneos*]" = UIStatusBarStyleDefault;
				"INFOPLIST_KEY_UIStatusBarStyle[sdk=iphonesimulator*]" = UIStatusBarStyleDefault;
				INFOPLIST_KEY_UISupportedInterfaceOrientations_iPad = "UIInterfaceOrientationPortrait UIInterfaceOrientationPortraitUpsideDown UIInterfaceOrientationLandscapeLeft UIInterfaceOrientationLandscapeRight";
				INFOPLIST_KEY_UISupportedInterfaceOrientations_iPhone = "UIInterfaceOrientationPortrait UIInterfaceOrientationLandscapeLeft UIInterfaceOrientationLandscapeRight";
				IPHONEOS_DEPLOYMENT_TARGET = 17.2;
				LD_RUNPATH_SEARCH_PATHS = "@executable_path/Frameworks";
				"LD_RUNPATH_SEARCH_PATHS[sdk=macosx*]" = "@executable_path/../Frameworks";
				MACOSX_DEPLOYMENT_TARGET = 11.0;
				MARKETING_VERSION = 1.0;
				PRODUCT_BUNDLE_IDENTIFIER = com.asahiqin.BetterDiskUtil;
				PRODUCT_NAME = "$(TARGET_NAME)";
				SDKROOT = auto;
				SUPPORTED_PLATFORMS = macosx;
				SUPPORTS_MACCATALYST = NO;
				SWIFT_EMIT_LOC_STRINGS = YES;
				SWIFT_VERSION = 5.0;
			};
			name = Debug;
		};
		E8FED4E42B9DE7AE00B40620 /* Release */ = {
			isa = XCBuildConfiguration;
			buildSettings = {
				ASSETCATALOG_COMPILER_APPICON_NAME = AppIcon;
				ASSETCATALOG_COMPILER_GLOBAL_ACCENT_COLOR_NAME = AccentColor;
				CODE_SIGN_ENTITLEMENTS = BetterDiskUtil/BetterDiskUtil.entitlements;
				CODE_SIGN_STYLE = Automatic;
				CURRENT_PROJECT_VERSION = 1;
				DEVELOPMENT_ASSET_PATHS = "\"BetterDiskUtil/Preview Content\"";
				DEVELOPMENT_TEAM = 45XU8AX2TS;
				ENABLE_HARDENED_RUNTIME = YES;
				ENABLE_PREVIEWS = YES;
				GENERATE_INFOPLIST_FILE = YES;
				"INFOPLIST_KEY_UIApplicationSceneManifest_Generation[sdk=iphoneos*]" = YES;
				"INFOPLIST_KEY_UIApplicationSceneManifest_Generation[sdk=iphonesimulator*]" = YES;
				"INFOPLIST_KEY_UIApplicationSupportsIndirectInputEvents[sdk=iphoneos*]" = YES;
				"INFOPLIST_KEY_UIApplicationSupportsIndirectInputEvents[sdk=iphonesimulator*]" = YES;
				"INFOPLIST_KEY_UILaunchScreen_Generation[sdk=iphoneos*]" = YES;
				"INFOPLIST_KEY_UILaunchScreen_Generation[sdk=iphonesimulator*]" = YES;
				"INFOPLIST_KEY_UIStatusBarStyle[sdk=iphoneos*]" = UIStatusBarStyleDefault;
				"INFOPLIST_KEY_UIStatusBarStyle[sdk=iphonesimulator*]" = UIStatusBarStyleDefault;
				INFOPLIST_KEY_UISupportedInterfaceOrientations_iPad = "UIInterfaceOrientationPortrait UIInterfaceOrientationPortraitUpsideDown UIInterfaceOrientationLandscapeLeft UIInterfaceOrientationLandscapeRight";
				INFOPLIST_KEY_UISupportedInterfaceOrientations_iPhone = "UIInterfaceOrientationPortrait UIInterfaceOrientationLandscapeLeft UIInterfaceOrientationLandscapeRight";
				IPHONEOS_DEPLOYMENT_TARGET = 17.2;
				LD_RUNPATH_SEARCH_PATHS = "@executable_path/Frameworks";
				"LD_RUNPATH_SEARCH_PATHS[sdk=macosx*]" = "@executable_path/../Frameworks";
				MACOSX_DEPLOYMENT_TARGET = 11.0;
				MARKETING_VERSION = 1.0;
				PRODUCT_BUNDLE_IDENTIFIER = com.asahiqin.BetterDiskUtil;
				PRODUCT_NAME = "$(TARGET_NAME)";
				SDKROOT = auto;
				SUPPORTED_PLATFORMS = macosx;
				SUPPORTS_MACCATALYST = NO;
				SWIFT_EMIT_LOC_STRINGS = YES;
				SWIFT_VERSION = 5.0;
			};
			name = Release;
		};
		E8FED4E62B9DE7AE00B40620 /* Debug */ = {
			isa = XCBuildConfiguration;
			buildSettings = {
				ALWAYS_EMBED_SWIFT_STANDARD_LIBRARIES = YES;
				BUNDLE_LOADER = "$(TEST_HOST)";
				CODE_SIGN_STYLE = Automatic;
				CURRENT_PROJECT_VERSION = 1;
				DEVELOPMENT_TEAM = 45XU8AX2TS;
				GENERATE_INFOPLIST_FILE = YES;
				IPHONEOS_DEPLOYMENT_TARGET = 17.2;
				MACOSX_DEPLOYMENT_TARGET = 14.2;
				MARKETING_VERSION = 1.0;
				PRODUCT_BUNDLE_IDENTIFIER = com.asahiqin.BetterDiskUtilTests;
				PRODUCT_NAME = "$(TARGET_NAME)";
				SDKROOT = auto;
				SUPPORTED_PLATFORMS = "iphoneos iphonesimulator macosx";
				SWIFT_EMIT_LOC_STRINGS = NO;
				SWIFT_VERSION = 5.0;
				TARGETED_DEVICE_FAMILY = "1,2";
				TEST_HOST = "$(BUILT_PRODUCTS_DIR)/BetterDiskUtil.app/$(BUNDLE_EXECUTABLE_FOLDER_PATH)/BetterDiskUtil";
			};
			name = Debug;
		};
		E8FED4E72B9DE7AE00B40620 /* Release */ = {
			isa = XCBuildConfiguration;
			buildSettings = {
				ALWAYS_EMBED_SWIFT_STANDARD_LIBRARIES = YES;
				BUNDLE_LOADER = "$(TEST_HOST)";
				CODE_SIGN_STYLE = Automatic;
				CURRENT_PROJECT_VERSION = 1;
				DEVELOPMENT_TEAM = 45XU8AX2TS;
				GENERATE_INFOPLIST_FILE = YES;
				IPHONEOS_DEPLOYMENT_TARGET = 17.2;
				MACOSX_DEPLOYMENT_TARGET = 14.2;
				MARKETING_VERSION = 1.0;
				PRODUCT_BUNDLE_IDENTIFIER = com.asahiqin.BetterDiskUtilTests;
				PRODUCT_NAME = "$(TARGET_NAME)";
				SDKROOT = auto;
				SUPPORTED_PLATFORMS = "iphoneos iphonesimulator macosx";
				SWIFT_EMIT_LOC_STRINGS = NO;
				SWIFT_VERSION = 5.0;
				TARGETED_DEVICE_FAMILY = "1,2";
				TEST_HOST = "$(BUILT_PRODUCTS_DIR)/BetterDiskUtil.app/$(BUNDLE_EXECUTABLE_FOLDER_PATH)/BetterDiskUtil";
			};
			name = Release;
		};
		E8FED4E92B9DE7AE00B40620 /* Debug */ = {
			isa = XCBuildConfiguration;
			buildSettings = {
				ALWAYS_EMBED_SWIFT_STANDARD_LIBRARIES = YES;
				CODE_SIGN_STYLE = Automatic;
				CURRENT_PROJECT_VERSION = 1;
				DEVELOPMENT_TEAM = 45XU8AX2TS;
				GENERATE_INFOPLIST_FILE = YES;
				IPHONEOS_DEPLOYMENT_TARGET = 17.2;
				MACOSX_DEPLOYMENT_TARGET = 14.2;
				MARKETING_VERSION = 1.0;
				PRODUCT_BUNDLE_IDENTIFIER = com.asahiqin.BetterDiskUtilUITests;
				PRODUCT_NAME = "$(TARGET_NAME)";
				SDKROOT = auto;
				SUPPORTED_PLATFORMS = "iphoneos iphonesimulator macosx";
				SWIFT_EMIT_LOC_STRINGS = NO;
				SWIFT_VERSION = 5.0;
				TARGETED_DEVICE_FAMILY = "1,2";
				TEST_TARGET_NAME = BetterDiskUtil;
			};
			name = Debug;
		};
		E8FED4EA2B9DE7AE00B40620 /* Release */ = {
			isa = XCBuildConfiguration;
			buildSettings = {
				ALWAYS_EMBED_SWIFT_STANDARD_LIBRARIES = YES;
				CODE_SIGN_STYLE = Automatic;
				CURRENT_PROJECT_VERSION = 1;
				DEVELOPMENT_TEAM = 45XU8AX2TS;
				GENERATE_INFOPLIST_FILE = YES;
				IPHONEOS_DEPLOYMENT_TARGET = 17.2;
				MACOSX_DEPLOYMENT_TARGET = 14.2;
				MARKETING_VERSION = 1.0;
				PRODUCT_BUNDLE_IDENTIFIER = com.asahiqin.BetterDiskUtilUITests;
				PRODUCT_NAME = "$(TARGET_NAME)";
				SDKROOT = auto;
				SUPPORTED_PLATFORMS = "iphoneos iphonesimulator macosx";
				SWIFT_EMIT_LOC_STRINGS = NO;
				SWIFT_VERSION = 5.0;
				TARGETED_DEVICE_FAMILY = "1,2";
				TEST_TARGET_NAME = BetterDiskUtil;
			};
			name = Release;
		};
/* End XCBuildConfiguration section */

/* Begin XCConfigurationList section */
		E8FED4B82B9DE7AD00B40620 /* Build configuration list for PBXProject "BetterDiskUtil" */ = {
			isa = XCConfigurationList;
			buildConfigurations = (
				E8FED4E02B9DE7AE00B40620 /* Debug */,
				E8FED4E12B9DE7AE00B40620 /* Release */,
			);
			defaultConfigurationIsVisible = 0;
			defaultConfigurationName = Release;
		};
		E8FED4E22B9DE7AE00B40620 /* Build configuration list for PBXNativeTarget "BetterDiskUtil" */ = {
			isa = XCConfigurationList;
			buildConfigurations = (
				E8FED4E32B9DE7AE00B40620 /* Debug */,
				E8FED4E42B9DE7AE00B40620 /* Release */,
			);
			defaultConfigurationIsVisible = 0;
			defaultConfigurationName = Release;
		};
		E8FED4E52B9DE7AE00B40620 /* Build configuration list for PBXNativeTarget "BetterDiskUtilTests" */ = {
			isa = XCConfigurationList;
			buildConfigurations = (
				E8FED4E62B9DE7AE00B40620 /* Debug */,
				E8FED4E72B9DE7AE00B40620 /* Release */,
			);
			defaultConfigurationIsVisible = 0;
			defaultConfigurationName = Release;
		};
		E8FED4E82B9DE7AE00B40620 /* Build configuration list for PBXNativeTarget "BetterDiskUtilUITests" */ = {
			isa = XCConfigurationList;
			buildConfigurations = (
				E8FED4E92B9DE7AE00B40620 /* Debug */,
				E8FED4EA2B9DE7AE00B40620 /* Release */,
			);
			defaultConfigurationIsVisible = 0;
			defaultConfigurationName = Release;
		};
/* End XCConfigurationList section */
	};
	rootObject = E8FED4B52B9DE7AD00B40620 /* Project object */;
}
